
Microsoft Visual Studio Solution File, Format Version 12.00
Project("{FAE04EC0-301F-11D3-BF4B-00C04F79EFBC}") = "Ecomrece", "Ecomrece\Ecomrece.csproj", "{6CA9B287-5C23-4C75-936E-F294C4F1E70B}"
EndProject
Project("{2150E333-8FDC-42A3-9474-1A3956D46DE8}") = "API", "API", "{6E855205-85E3-47F9-9055-206AB215524B}"
EndProject
Project("{2150E333-8FDC-42A3-9474-1A3956D46DE8}") = "BLL", "BLL", "{039ED0AD-F33E-40B7-97D4-567000FB6531}"
EndProject
Project("{2150E333-8FDC-42A3-9474-1A3956D46DE8}") = "COMON", "COMON", "{9AC95100-C998-4541-A56B-4BACC875CA46}"
EndProject
Project("{FAE04EC0-301F-11D3-BF4B-00C04F79EFBC}") = "CarApi", "API\CarApi\CarApi.csproj", "{C6B8A6EC-2823-404E-9F53-7AEBBC0AB433}"
EndProject
Project("{FAE04EC0-301F-11D3-BF4B-00C04F79EFBC}") = "OrderApi", "API\OrderApi\OrderApi.csproj", "{7AF3696E-1FFC-43F1-A6A9-389762365E09}"
EndProject
Project("{FAE04EC0-301F-11D3-BF4B-00C04F79EFBC}") = "ProductApi", "API\ProductApi\ProductApi.csproj", "{CFF325B7-E70C-4E3D-80F5-C38755D2CCDC}"
EndProject
Project("{FAE04EC0-301F-11D3-BF4B-00C04F79EFBC}") = "CarBLL", "BLL\CarBLL\CarBLL.csproj", "{EA7332FB-5A67-4A61-BDD5-BB06B5BC6301}"
EndProject
Project("{FAE04EC0-301F-11D3-BF4B-00C04F79EFBC}") = "OrderBll", "BLL\OrderBll\OrderBll.csproj", "{9F2D74A2-0EB5-42B9-91AF-BA70509DBD9B}"
EndProject
Project("{FAE04EC0-301F-11D3-BF4B-00C04F79EFBC}") = "ProductBLL", "BLL\ProductBLL\ProductBLL.csproj", "{319DBFB5-D084-4632-A6B1-3689A95AEE66}"
EndProject
Project("{FAE04EC0-301F-11D3-BF4B-00C04F79EFBC}") = "Vo", "COMON\Vo\Vo.csproj", "{9FDCA65C-B738-4BEA-B17E-6202216FF102}"
EndProject
Global
	GlobalSection(SolutionConfigurationPlatforms) = preSolution
		Debug|Any CPU = Debug|Any CPU
		Release|Any CPU = Release|Any CPU
	EndGlobalSection
	GlobalSection(ProjectConfigurationPlatforms) = postSolution
		{6CA9B287-5C23-4C75-936E-F294C4F1E70B}.Debug|Any CPU.ActiveCfg = Debug|Any CPU
		{6CA9B287-5C23-4C75-936E-F294C4F1E70B}.Debug|Any CPU.Build.0 = Debug|Any CPU
		{6CA9B287-5C23-4C75-936E-F294C4F1E70B}.Release|Any CPU.ActiveCfg = Release|Any CPU
		{6CA9B287-5C23-4C75-936E-F294C4F1E70B}.Release|Any CPU.Build.0 = Release|Any CPU
		{C6B8A6EC-2823-404E-9F53-7AEBBC0AB433}.Debug|Any CPU.ActiveCfg = Debug|Any CPU
		{C6B8A6EC-2823-404E-9F53-7AEBBC0AB433}.Debug|Any CPU.Build.0 = Debug|Any CPU
		{C6B8A6EC-2823-404E-9F53-7AEBBC0AB433}.Release|Any CPU.ActiveCfg = Release|Any CPU
		{C6B8A6EC-2823-404E-9F53-7AEBBC0AB433}.Release|Any CPU.Build.0 = Release|Any CPU
		{7AF3696E-1FFC-43F1-A6A9-389762365E09}.Debug|Any CPU.ActiveCfg = Debug|Any CPU
		{7AF3696E-1FFC-43F1-A6A9-389762365E09}.Debug|Any CPU.Build.0 = Debug|Any CPU
		{7AF3696E-1FFC-43F1-A6A9-389762365E09}.Release|Any CPU.ActiveCfg = Release|Any CPU
		{7AF3696E-1FFC-43F1-A6A9-389762365E09}.Release|Any CPU.Build.0 = Release|Any CPU
		{CFF325B7-E70C-4E3D-80F5-C38755D2CCDC}.Debug|Any CPU.ActiveCfg = Debug|Any CPU
		{CFF325B7-E70C-4E3D-80F5-C38755D2CCDC}.Debug|Any CPU.Build.0 = Debug|Any CPU
		{CFF325B7-E70C-4E3D-80F5-C38755D2CCDC}.Release|Any CPU.ActiveCfg = Release|Any CPU
		{CFF325B7-E70C-4E3D-80F5-C38755D2CCDC}.Release|Any CPU.Build.0 = Release|Any CPU
		{EA7332FB-5A67-4A61-BDD5-BB06B5BC6301}.Debug|Any CPU.ActiveCfg = Debug|Any CPU
		{EA7332FB-5A67-4A61-BDD5-BB06B5BC6301}.Debug|Any CPU.Build.0 = Debug|Any CPU
		{EA7332FB-5A67-4A61-BDD5-BB06B5BC6301}.Release|Any CPU.ActiveCfg = Release|Any CPU
		{EA7332FB-5A67-4A61-BDD5-BB06B5BC6301}.Release|Any CPU.Build.0 = Release|Any CPU
		{9F2D74A2-0EB5-42B9-91AF-BA70509DBD9B}.Debug|Any CPU.ActiveCfg = Debug|Any CPU
		{9F2D74A2-0EB5-42B9-91AF-BA70509DBD9B}.Debug|Any CPU.Build.0 = Debug|Any CPU
		{9F2D74A2-0EB5-42B9-91AF-BA70509DBD9B}.Release|Any CPU.ActiveCfg = Release|Any CPU
		{9F2D74A2-0EB5-42B9-91AF-BA70509DBD9B}.Release|Any CPU.Build.0 = Release|Any CPU
		{319DBFB5-D084-4632-A6B1-3689A95AEE66}.Debug|Any CPU.ActiveCfg = Debug|Any CPU
		{319DBFB5-D084-4632-A6B1-3689A95AEE66}.Debug|Any CPU.Build.0 = Debug|Any CPU
		{319DBFB5-D084-4632-A6B1-3689A95AEE66}.Release|Any CPU.ActiveCfg = Release|Any CPU
		{319DBFB5-D084-4632-A6B1-3689A95AEE66}.Release|Any CPU.Build.0 = Release|Any CPU
		{9FDCA65C-B738-4BEA-B17E-6202216FF102}.Debug|Any CPU.ActiveCfg = Debug|Any CPU
		{9FDCA65C-B738-4BEA-B17E-6202216FF102}.Debug|Any CPU.Build.0 = Debug|Any CPU
		{9FDCA65C-B738-4BEA-B17E-6202216FF102}.Release|Any CPU.ActiveCfg = Release|Any CPU
		{9FDCA65C-B738-4BEA-B17E-6202216FF102}.Release|Any CPU.Build.0 = Release|Any CPU
	EndGlobalSection
	GlobalSection(NestedProjects) = preSolution
		{C6B8A6EC-2823-404E-9F53-7AEBBC0AB433} = {6E855205-85E3-47F9-9055-206AB215524B}
		{7AF3696E-1FFC-43F1-A6A9-389762365E09} = {6E855205-85E3-47F9-9055-206AB215524B}
		{CFF325B7-E70C-4E3D-80F5-C38755D2CCDC} = {6E855205-85E3-47F9-9055-206AB215524B}
		{EA7332FB-5A67-4A61-BDD5-BB06B5BC6301} = {039ED0AD-F33E-40B7-97D4-567000FB6531}
		{9F2D74A2-0EB5-42B9-91AF-BA70509DBD9B} = {039ED0AD-F33E-40B7-97D4-567000FB6531}
		{319DBFB5-D084-4632-A6B1-3689A95AEE66} = {039ED0AD-F33E-40B7-97D4-567000FB6531}
		{9FDCA65C-B738-4BEA-B17E-6202216FF102} = {9AC95100-C998-4541-A56B-4BACC875CA46}
	EndGlobalSection
EndGlobal
